<?xml version="1.0" encoding="utf-8"?>
<Project ToolsVersion="4.0" xmlns="http://schemas.microsoft.com/developer/msbuild/2003">
  <ItemGroup>
    <Filter Include="Source Files">
      <UniqueIdentifier>{4FC737F1-C7A5-4376-A066-2A32D752A2FF}</UniqueIdentifier>
      <Extensions>cpp;c;cc;cxx;def;odl;idl;hpj;bat;asm;asmx</Extensions>
    </Filter>
    <Filter Include="Header Files">
      <UniqueIdentifier>{93995380-89BD-4b04-88EB-625FBE52EBFB}</UniqueIdentifier>
      <Extensions>h;hh;hpp;hxx;hm;inl;inc;ipp;xsd</Extensions>
    </Filter>
    <Filter Include="Resource Files">
      <UniqueIdentifier>{67DA6AB6-F800-4c08-8B7A-83BB121AAD01}</UniqueIdentifier>
      <Extensions>rc;ico;cur;bmp;dlg;rc2;rct;bin;rgs;gif;jpg;jpeg;jpe;resx;tiff;tif;png;wav;mfcribbon-ms</Extensions>
    </Filter>
    <Filter Include="Common">
      <UniqueIdentifier>{a76deaa5-fb04-40cb-96dc-2c7528a07a5f}</UniqueIdentifier>
    </Filter>
  </ItemGroup>
  <ItemGroup>
    <ClCompile Include="SampleApp.cpp">
      <Filter>Source Files</Filter>
    </ClCompile>
    <ClCompile Include="..\..\Source\Modules\Color.cpp">
      <Filter>Resource Files</Filter>
    </ClCompile>
    <ClCompile Include="..\..\Source\Modules\EffectMacro.cpp">
      <Filter>Resource Files</Filter>
    </ClCompile>
    <ClCompile Include="..\..\Source\Modules\EffectProcessor.cpp">
      <Filter>Resource Files</Filter>
    </ClCompile>
    <ClCompile Include="..\..\Source\Modules\EffectStateMachine.cpp">
      <Filter>Resource Files</Filter>
    </ClCompile>
    <ClCompile Include="..\..\Source\Modules\EffectWaveforms.cpp">
      <Filter>Resource Files</Filter>
    </ClCompile>
    <ClCompile Include="..\..\SampleApp\Elements\ColorDemo.cpp">
      <Filter>Common</Filter>
    </ClCompile>
    <ClCompile Include="..\..\SampleApp\Elements\EffectDemo.cpp">
      <Filter>Common</Filter>
    </ClCompile>
    <ClCompile Include="..\..\SampleApp\Elements\MyUtils.cpp">
      <Filter>Common</Filter>
    </ClCompile>
    <ClCompile Include="..\..\SampleApp\Elements\StateMachineDemo.cpp">
      <Filter>Common</Filter>
    </ClCompile>
  </ItemGroup>
  <ItemGroup>
    <ClInclude Include="..\..\Source\Modules\Color.h">
      <Filter>Resource Files</Filter>
    </ClInclude>
    <ClInclude Include="..\..\Source\Modules\EffectBasics.h">
      <Filter>Resource Files</Filter>
    </ClInclude>
    <ClInclude Include="..\..\Source\Modules\EffectMacro.h">
      <Filter>Resource Files</Filter>
    </ClInclude>
    <ClInclude Include="..\..\Source\Modules\EffectProcessor.h">
      <Filter>Resource Files</Filter>
    </ClInclude>
    <ClInclude Include="..\..\Source\Modules\EffectStateMachine.h">
      <Filter>Resource Files</Filter>
    </ClInclude>
    <ClInclude Include="..\..\Source\Modules\EffectWaveforms.h">
      <Filter>Resource Files</Filter>
    </ClInclude>
    <ClInclude Include="..\..\SampleApp\Elements\ColorDemo.h">
      <Filter>Common</Filter>
    </ClInclude>
    <ClInclude Include="..\..\SampleApp\Elements\EffectDemo.h">
      <Filter>Common</Filter>
    </ClInclude>
    <ClInclude Include="..\..\SampleApp\Elements\MyUtils.h">
      <Filter>Common</Filter>
    </ClInclude>
    <ClInclude Include="..\..\SampleApp\Elements\StateMachineDemo.h">
      <Filter>Common</Filter>
    </ClInclude>
  </ItemGroup>
</Project>